
Microsoft Visual Studio Solution File, Format Version 12.00
# Visual Studio 14
VisualStudioVersion = 14.0.23107.0
MinimumVisualStudioVersion = 10.0.40219.1
Project("{FAE04EC0-301F-11D3-BF4B-00C04F79EFBC}") = "Ejercicio_3_Problema_2_Tema_1", "Ejercicio_3_Problema_2_Tema_1\Ejercicio_3_Problema_2_Tema_1.csproj", "{7C2DCF01-5117-4D6D-911F-E5B8F1CD897C}"
EndProject
Global
	GlobalSection(SolutionConfigurationPlatforms) = preSolution
		Debug|Any CPU = Debug|Any CPU
		Release|Any CPU = Release|Any CPU
	EndGlobalSection
	GlobalSection(ProjectConfigurationPlatforms) = postSolution
		{7C2DCF01-5117-4D6D-911F-E5B8F1CD897C}.Debug|Any CPU.ActiveCfg = Debug|Any CPU
		{7C2DCF01-5117-4D6D-911F-E5B8F1CD897C}.Debug|Any CPU.Build.0 = Debug|Any CPU
		{7C2DCF01-5117-4D6D-911F-E5B8F1CD897C}.Release|Any CPU.ActiveCfg = Release|Any CPU
		{7C2DCF01-5117-4D6D-911F-E5B8F1CD897C}.Release|Any CPU.Build.0 = Release|Any CPU
	EndGlobalSection
	GlobalSection(SolutionProperties) = preSolution
		HideSolutionNode = FALSE
	EndGlobalSection
EndGlobal
